
Microsoft Visual Studio Solution File, Format Version 12.00
# Visual Studio Version 17
VisualStudioVersion = 17.4.33205.214
MinimumVisualStudioVersion = 10.0.40219.1
Project("{9A19103F-16F7-4668-BE54-9A1E7A4F7556}") = "GatewayApi", "src\GatewayApi\GatewayApi.csproj", "{36BA2F13-0270-47DF-AD07-FF8687578D88}"
EndProject
Project("{E53339B2-1760-4266-BCC7-CA923CBCF16C}") = "docker-compose", "docker-compose.dcproj", "{6E0B977D-5783-4D4A-A629-7BECD77A6C85}"
EndProject
Project("{2150E333-8FDC-42A3-9474-1A3956D46DE8}") = "Assets", "Assets", "{84254E2C-BDF5-4A1B-94CA-CF3511EDB4F4}"
	ProjectSection(SolutionItems) = preProject
		assets\current-infrastructure.png = assets\current-infrastructure.png
		assets\grafana-2.png = assets\grafana-2.png
		assets\grafana-trace-details.png = assets\grafana-trace-details.png
		assets\grafana.png = assets\grafana.png
		assets\log-trace-correlation.png = assets\log-trace-correlation.png
	EndProjectSection
EndProject
Global
	GlobalSection(SolutionConfigurationPlatforms) = preSolution
		Debug|Any CPU = Debug|Any CPU
		Release|Any CPU = Release|Any CPU
	EndGlobalSection
	GlobalSection(ProjectConfigurationPlatforms) = postSolution
		{36BA2F13-0270-47DF-AD07-FF8687578D88}.Debug|Any CPU.ActiveCfg = Debug|Any CPU
		{36BA2F13-0270-47DF-AD07-FF8687578D88}.Debug|Any CPU.Build.0 = Debug|Any CPU
		{36BA2F13-0270-47DF-AD07-FF8687578D88}.Release|Any CPU.ActiveCfg = Release|Any CPU
		{36BA2F13-0270-47DF-AD07-FF8687578D88}.Release|Any CPU.Build.0 = Release|Any CPU
		{6E0B977D-5783-4D4A-A629-7BECD77A6C85}.Debug|Any CPU.ActiveCfg = Debug|Any CPU
		{6E0B977D-5783-4D4A-A629-7BECD77A6C85}.Debug|Any CPU.Build.0 = Debug|Any CPU
		{6E0B977D-5783-4D4A-A629-7BECD77A6C85}.Release|Any CPU.ActiveCfg = Release|Any CPU
		{6E0B977D-5783-4D4A-A629-7BECD77A6C85}.Release|Any CPU.Build.0 = Release|Any CPU
	EndGlobalSection
	GlobalSection(SolutionProperties) = preSolution
		HideSolutionNode = FALSE
	EndGlobalSection
	GlobalSection(ExtensibilityGlobals) = postSolution
		SolutionGuid = {47CAA86C-21B8-4D2F-8950-4D58372D418E}
	EndGlobalSection
EndGlobal
